
Microsoft Visual Studio Solution File, Format Version 12.00
# Visual Studio Version 17
VisualStudioVersion = 17.1.32421.90
MinimumVisualStudioVersion = 10.0.40219.1
Project("{FAE04EC0-301F-11D3-BF4B-00C04F79EFBC}") = "AccessoCasualeCRUD", "AccessoCasualeCRUD\AccessoCasualeCRUD.csproj", "{F71175D8-D522-47C1-ACBB-98752DFE443D}"
EndProject
Global
	GlobalSection(SolutionConfigurationPlatforms) = preSolution
		Debug|Any CPU = Debug|Any CPU
		Release|Any CPU = Release|Any CPU
	EndGlobalSection
	GlobalSection(ProjectConfigurationPlatforms) = postSolution
		{F71175D8-D522-47C1-ACBB-98752DFE443D}.Debug|Any CPU.ActiveCfg = Debug|Any CPU
		{F71175D8-D522-47C1-ACBB-98752DFE443D}.Debug|Any CPU.Build.0 = Debug|Any CPU
		{F71175D8-D522-47C1-ACBB-98752DFE443D}.Release|Any CPU.ActiveCfg = Release|Any CPU
		{F71175D8-D522-47C1-ACBB-98752DFE443D}.Release|Any CPU.Build.0 = Release|Any CPU
	EndGlobalSection
	GlobalSection(SolutionProperties) = preSolution
		HideSolutionNode = FALSE
	EndGlobalSection
	GlobalSection(ExtensibilityGlobals) = postSolution
		SolutionGuid = {630B6594-694F-4CE2-87D5-C8F81BC812B1}
	EndGlobalSection
EndGlobal
